filippo.io/edwards25519 v1.2.0 h1:crnVqOiS4jqYleHd9vaKZ+HKtHfllngJIiOpNpoJsjo=
filippo.io/edwards25519 v1.2.0/go.mod h1:xzAOLCNug/yB62zG1bQ8uziwrIqIuxhctzJT18Q77mc=
github.com/Azure/go-ansiterm v0.0.0-20260917205352-e937bb47801a h1:4hxax9ktNjSDoFn1tZSeL6gXMTRMpO0FzjdKfT01jgY=
github.com/Azure/go-ansiterm v0.0.0-20260917205352-e937bb47801a/go.mod h1:3EWSSOZ50kb+arhww0qIaEXHToib/3FjBj9Jj5lcP5g=
github.com/BurntSushi/toml v1.2.1/go.mod h1:CxXYINrC8qIiEnFrOxCa7Jy5BFHlXnUU2pbicEuybxQ=
github.com/BurntSushi/toml v1.6.0 h1:dRaEfpa2VI55EwlIW72hMRHdWouJeRF7TPYhI+AUQjk=
github.com/BurntSushi/toml v1.6.0/go.mod h1:ukJfTF/6rtPPRCnwkur4qwRxa8vTRFBF0uk2lLoLwho=
github.com/ClickHouse/ch-go v0.74.0 h1:uYs2m4wIt0ZHSM1E72rg0maCfzhR2V3xWb/vZEgpeWE=
github.com/ClickHouse/ch-go v0.74.0/go.mod h1:sZ/r+8ttZMjyrP9PuFbgoVbth1ywIu2LIQNA2vgko6M=
github.com/ClickHouse/clickhouse-go v1.4.3 h1:iAFMa2UrQdR5bHJ2/yaSLffZkxpcOYQMCUuKeNXGdqc=
github.com/ClickHouse/clickhouse-go v1.4.3/go.mod h1:EaI/sW7Azgz9UATzd5ZdZHRUhHgv5+JMS9NSr2smCJI=
github.com/ClickHouse/clickhouse-go/v2 v2.48.0 h1:auzd4VkapQYhQF8F2Gog7s3x78Bi1JZmByxGbrw3C+4=
github.com/ClickHouse/clickhouse-go/v2 v2.48.0/go.mod h1:lBjUCPRG6RpRQdMbkXq+JV8rY0/O5lw+Z7jShgReFjM=
github.com/DATA-DOG/go-sqlmock v1.5.2 h1:OcvFkGmslmlZibjAjaHm3L//6LiuBgolP7OputlJIzU=
github.com/DATA-DOG/go-sqlmock v1.5.2/go.mod h1:88MAG/4G7SMwSE3CeA0ZKzrT5CiOU3OJ+JlNzwDqpNU=
github.com/Microsoft/go-winio v0.6.2 h1:F2VQgta7ecxGYO8k3ZZz3RS8fVIXVxONVUPlNERoyfY=
github.com/Microsoft/go-winio v0.6.2/go.mod h1:yd8OoFMLzJbo9gZq8j5qaps8bJ9aShtEA8Ipt1oGCvU=
github.com/Nvveen/Gotty v0.0.0-20120604004816-cd527374f1e5 h1:TngWCqHvy9oXAN6lEVMRuU21PR1EtLVZJmdB18Gu3Rw=
github.com/Nvveen/Gotty v0.0.0-20120604004816-cd527374f1e5/go.mod h1:lmUJ/7eu/Q8D7ML55dXQrVaamCz2vxCfdQBasLZfHKk=
github.com/PuerkitoBio/goquery v1.10.3 h1:pFYcNSqHxBD06Fpj/KsbStFRsgRATgnf3LeXiUkhzPo=
github.com/PuerkitoBio/goquery v1.10.3/go.mod h1:tMUX0zDMHXYlAQk6p35XxQMqMweEKB7iK7iLNd4RH4Y=
github.com/a-h/templ v0.3.1070 h1:3iCOXHXqFXa99OQzgkUOLJbNzv/QjFGLwKZkBAg+ADA=
github.com/a-h/templ v0.3.1070/go.mod h1:iIqB3g2RHBe/WlnPwa+Bvhh1TKXHWLRnBD9NWHOLm78=
github.com/andybalholm/brotli v1.2.6 h1:ftYnfj6usCp+UGV5kSJ3+chpMQgU+gJf/AxsUQ52REI=
github.com/andybalholm/brotli v1.2.6/go.mod h1:rzTDkvFWvIrjDXZHkuS16NPggd91W3kUSvPlQ1pLaKY=
github.com/andybalholm/cascadia v1.3.3 h1:AG2YHrzJIm4BZ19iwJ/DAua6Btl3IwJX+VI4kktS1LM=
github.com/andybalholm/cascadia v1.3.3/go.mod h1:xNd9bqTn98Ln4DwST8/nG+H0yuB8Hmgu1YHNnWw0GeA=
github.com/aymerick/douceur v0.2.0 h1:Mv+mAeH1Q+n9Fr+oyamOlAkUNPWPlA8PPGR0QAaYuPk=
github.com/aymerick/douceur v0.2.0/go.mod h1:wlT5vV2O3h55X9m7iVYN0TBM0NH/MmbLnd30/FjWUq4=
github.com/beorn7/perks v1.0.1 h1:VlbKKnNfV8bJzeqoa4cOKqO6bYr3WgKZxO8Z16+hsOM=
github.com/beorn7/perks v1.0.1/go.mod h1:G2ZrVWU2WbWT9wwq4/hrbKbnv/1ERSJQ0ibhJ6rlkpw=
github.com/cenkalti/backoff v2.2.1+incompatible h1:tNowT99t7UNflLxfYYSlKYsBpXdEet03Pg2g16Swow4=
github.com/cenkalti/backoff v2.2.1+incompatible/go.mod h1:90ReRw6GdpyfrHakVjL/QHaoyV4aDUVVkXQJJJ3NXXM=
github.com/cenkalti/backoff/v5 v5.0.3 h1:ZN+IMa753KfX5hd8vVaMixjnqRZ3y8CuJKRKj1xcsSM=
github.com/cenkalti/backoff/v5 v5.0.3/go.mod h1:rkhZdG3JZukswDf7f0cwqPNk4K0sa+F97BxZthm/crw=
github.com/cespare/xxhash/v2 v2.3.0 h1:UL815xU9SqsFlibzuggzjXhog7bL6oX9BbNZnL2UFvs=
github.com/cespare/xxhash/v2 v2.3.0/go.mod h1:VGX0DQ3Q6kWi7AoAeZDth3/j3BFtOZR5XLFGgcrjCOs=
github.com/cloudflare/golz4 v0.0.0-20150217214814-ef862a3cdc58 h1:F1EaeKL/ta07PY/k9Os/UFtwERei2/XzGemhpGnBKNg=
github.com/cloudflare/golz4 v0.0.0-20150217214814-ef862a3cdc58/go.mod h1:EOBUe0h4xcZ5GoxqC5SDxFQ8gwyZPKQoEzownBlhI80=
github.com/containerd/continuity v0.5.0 h1:7a85HZpCSs+1Zps0Ee3DPSuAWY+0SJM1JNM51nlEVDg=
github.com/containerd/continuity v0.5.0/go.mod h1:/lNJvtJKUQStBzpVQ1+rasXO1LAWtUQssk28EZvJ3nE=
github.com/containerd/errdefs v1.0.0 h1:tg5yIfIlQIrxYtu9ajqY42W3lpS19XqdxRQeEwYG8PI=
github.com/containerd/errdefs v1.0.0/go.mod h1:+YBYIdtsnF4Iw6nWZhJcqGSg/dwvV7tyJ/kCkyJ2k+M=
github.com/containerd/errdefs/pkg v0.3.0 h1:9IKJ06FvyNlexW690DXuQNx2KA2cUJXx151Xdx3ZPPE=
github.com/containerd/errdefs/pkg v0.3.0/go.mod h1:NJw6s9HwNuRhnjJhM7pylWwMyAkmCQvQ4GpJHEqRLVk=
github.com/coreos/go-oidc/v3 v3.21.0 h1:wZo4Q9Pum8dYEj0eMUPrqR+kvuGkeUplbLpNCkBqoWM=
github.com/coreos/go-oidc/v3 v3.21.0/go.mod h1:DYCf24+ncYi+XkIH97GY1+dqoRlbaSI26KVTCI9SrY4=
github.com/creack/pty v1.1.9/go.mod h1:oKZEueFk5CKHvIhNR5MUki03XCEU+Q6VDXinZuGJ33E=
github.com/davecgh/go-spew v1.1.0/go.mod h1:J7Y8YcW2NihsgmVo/mv3lAwl/skON4iLHjSsI+c5H38=
github.com/davecgh/go-spew v1.1.1/go.mod h1:J7Y8YcW2NihsgmVo/mv3lAwl/skON4iLHjSsI+c5H38=
github.com/dhui/dktest v0.4.6 h1:+DPKyScKSEp3VLtbMDHcUq6V5Lm5zfZZVb0Sk7Ahom4=
github.com/dhui/dktest v0.4.6/go.mod h1:JHTSYDtKkvFNFHJKqCzVzqXecyv+tKt8EzceOmQOgbU=
github.com/distribution/reference v0.6.0 h1:0IXCQ5g4/QMHHkarYzh5l+u8T3t73zM5QvfrDyIgxBk=
github.com/distribution/reference v0.6.0/go.mod h1:BbU0aIcezP1/5jX/8MP0YiH4SdvB5Y4f/wlDRiLyi3E=
github.com/docker/docker v28.5.2+incompatible h1:DBX0Y0zAjZbSrm1uzOkdr1onVghKaftjlSWt4AFexzM=
github.com/docker/docker v28.5.2+incompatible/go.mod h1:eEKB0N0r5NX/I1kEveEz05bcu8tLC/8azJZsviup8Sk=
github.com/docker/go-connections v0.8.1 h1:JibmG5hULs5qXSr/cp/w3Pw5fZuStt4MOHMUExb29/M=
github.com/docker/go-connections v0.8.1/go.mod h1:no1qkHdjq7kLMGUXYAduOhYPSJxxvgWBh7ogVvptn3Q=
github.com/docker/go-units v0.5.0 h1:69rxXcBk27SvSaaxTtLh/8llcHD8vYHT7WSdRZ/jvr4=
github.com/docker/go-units v0.5.0/go.mod h1:fgPhTUdO+D/Jk86RDLlptpiXQzgHJF7gydDDbaIK4Dk=
github.com/fatih/color v1.13.0/go.mod h1:kLAiJbzzSOZDVNGyDpeOxJ47H46qBXwg5ILebYFFOfk=
github.com/fatih/color v1.19.0 h1:Zp3PiM21/9Ld6FzSKyL5c/BULoe/ONr9KlbYVOfG8+w=
github.com/fatih/color v1.19.0/go.mod h1:zNk67I0ZUT1bEGsSGyCZYZNrHuTkJJB+r6Q9VuMi0LE=
github.com/felixge/httpsnoop v1.1.0 h1:3YtUj32ZZkqZtt3sZZsClsymw/QDuVfpNhoA31zeORc=
github.com/felixge/httpsnoop v1.1.0/go.mod h1:Zqxgdd+1Rkcz8euOqdr7lqgCRJztwr5hp9vDSi5UZCE=
github.com/fxamacker/cbor/v2 v2.9.4 h1:xwjVlxEMR3S605oUlgBjKLTTeGFciYPGYCtF/35LKGo=
github.com/fxamacker/cbor/v2 v2.9.4/go.mod h1:vM4b+DJCtHn+zz7h3FFp/hDAI9WNWCsZj23V5ytsSxQ=
github.com/go-faster/city v1.0.1 h1:4WAxSZ3V2Ws4QRDrscLEDcibJY8uf41H6AhXDrNDcGw=
github.com/go-faster/city v1.0.1/go.mod h1:jKcUJId49qdW3L1qKHH/3wPeUstCVpVSXTM6vO3VcTw=
github.com/go-faster/errors v0.8.0 h1:9T9eJrM+72dFk7n4DfhuaDDe6cyuFCSW2oNUkN77Yqc=
github.com/go-faster/errors v0.8.0/go.mod h1:5ySTjWFiphBs07IKuiL69nxdfd5+fzh1u7FPGZP2quo=
github.com/go-jose/go-jose/v3 v3.0.5 h1:BLLJWbC4nMZOfuPVxoZIxeYsn6Nl2r1fITaJ78UQlVQ=
github.com/go-jose/go-jose/v3 v3.0.5/go.mod h1:5b+7YgP7ZICgJDBdfjZaIt+H/9L9T/YQrVfLAMboGkQ=
github.com/go-jose/go-jose/v4 v4.1.5 h1:RjgjO2LOtWOJKUC5wpwY9LR3B3vwVAz6JS2YHfYU6eA=
github.com/go-jose/go-jose/v4 v4.1.5/go.mod h1:x4oUasVrzR7071A4TnHLGSPpNOm2a21K9Kf04k1rs08=
github.com/go-logr/logr v1.2.2/go.mod h1:jdQByPbusPIv2/zmleS9BjJVeZ6kBagPoEUsqbVz/1A=
github.com/go-logr/logr v1.4.4 h1:tG4xh9yMsRCAiodLVTxyrkzSZ9+o0L1Kg/+cPVcbP/8=
github.com/go-logr/logr v1.4.4/go.mod h1:9T104GzyrTigFIr8wt5mBrctHMim0Nb2HLGrmQ40KvY=
github.com/go-logr/stdr v1.2.2 h1:hSWxHoqTgW2S2qGc0LTAI563KZ5YKYRhT3MFKZMbjag=
github.com/go-logr/stdr v1.2.2/go.mod h1:mMo/vtBO5dYbehREoey6XUKy/eSumjCCveDpRre4VKE=
github.com/go-sql-driver/mysql v1.10.1 h1:arlSnNLq6a5yxGxV7qg9lF4j0C+KwD6NbQyKr9QL6ME=
github.com/go-sql-driver/mysql v1.10.1/go.mod h1:M+cqaI7+xxXGG9swrdeUIoPG3Y3KCkF0pZej+SK+nWk=
github.com/golang-migrate/migrate/v4 v4.20.1 h1:2N/ToVTKrKl58ynBpgeVJ4In7VcLCjWTZtm4eP1LxhU=
github.com/golang-migrate/migrate/v4 v4.20.1/go.mod h1:DDPgKVb4ovSWc4FwSPfV2Uz1160f4XBiTHTrAJtljmM=
github.com/golang/protobuf v1.5.4 h1:i7eJL8qZTpSEXOPTxNKhASYpMn+8e5Q6AdndVa1dWek=
github.com/golang/protobuf v1.5.4/go.mod h1:lnTiLA8Wa4RWRcIUkrtSVa5nRhsEGBg48fD6rSs7xps=
github.com/google/go-cmp v0.5.9/go.mod h1:17dUlkBOakJ0+DkrSSNjCkIjxS6bF9zb3elmeNGIjoY=
github.com/google/go-cmp v0.6.0/go.mod h1:17dUlkBOakJ0+DkrSSNjCkIjxS6bF9zb3elmeNGIjoY=
github.com/google/go-cmp v0.7.0 h1:wk8382ETsv4JYUZwIsn6YpYiWiBsYLSJiTsyBybVuN8=
github.com/google/go-cmp v0.7.0/go.mod h1:pXiqmnSA92OHEEa9HXL2W4E7lf9JzCmGVUdgjX3N/iU=
github.com/google/uuid v1.6.0 h1:NIvaJDMOsjHA8n1jAhLSgzrAzy1Hgr+hNrb57e+94F0=
github.com/google/uuid v1.6.0/go.mod h1:TIyPZe4MgqvfeYDBFedMoGGpEw/LqOeaOT+nhxU+yHo=
github.com/gorilla/css v1.0.1 h1:ntNaBIghp6JmvWnxbZKANoLyuXTPZ4cAMlo6RyhlbO8=
github.com/gorilla/css v1.0.1/go.mod h1:BvnYkspnSzMmwRK+b8/xgNPLiIuNZr6vbZBTPQ2A3b0=
github.com/gotestyourself/gotestyourself v2.2.0+incompatible h1:AQwinXlbQR2HvPjQZOmDhRqsv5mZf+Jb1RnSLxcqZcI=
github.com/gotestyourself/gotestyourself v2.2.0+incompatible/go.mod h1:zZKM6oeNM8k+FRljX1mnzVYeS8wiGgQyvST1/GafPbY=
github.com/grpc-ecosystem/grpc-gateway/v2 v2.31.0 h1:Bd7KaOxzULLxtZ/K5s1aLbWhR0+5RToO65TXHsf3bqQ=
github.com/grpc-ecosystem/grpc-gateway/v2 v2.31.0/go.mod h1:nN7ts3dFXKtCZWc//yfkpcQNKJABg16/uDVAZpLDalo=
github.com/hashicorp/cap v0.14.0 h1:IPWX/ewgw8tQPl0qpnCuNf6BFXOCz7ijSM5ikX27cNg=
github.com/hashicorp/cap v0.14.0/go.mod h1:Kbu5owAOJzQ/HH4Ba/76wsIXN2tRiJgToJKBO2MAEFE=
github.com/hashicorp/go-cleanhttp v0.5.2 h1:035FKYIWjmULyFRBKPs8TBQoi0x6d9G4xc9neXJWAZQ=
github.com/hashicorp/go-cleanhttp v0.5.2/go.mod h1:kO/YDlP8L1346E6Sodw+PrpBSV4/SoxCXGY6BqNFT48=
github.com/hashicorp/go-hclog v1.6.3 h1:Qr2kF+eVWjTiYmU7Y31tYlP1h0q/X3Nl3tPGdaB11/k=
github.com/hashicorp/go-hclog v1.6.3/go.mod h1:W4Qnvbt70Wk/zYJryRzDRU/4r0kIg0PVHBcfoyhpF5M=
github.com/hashicorp/go-uuid v1.0.4 h1:ZrN80XjMzpRYk+2FxMDy2A2zz0d5QjJ7GMFSkZLj12A=
github.com/hashicorp/go-uuid v1.0.4/go.mod h1:x2Ds7vSkQ2n/yQj8Synnxmt0zt1l26uCAjxIhChisLU=
github.com/ilyakaznacheev/cleanenv v1.5.0 h1:0VNZXggJE2OYdXE87bfSSwGxeiGt9moSR2lOrsHHvr4=
github.com/ilyakaznacheev/cleanenv v1.5.0/go.mod h1:a5aDzaJrLCQZsazHol1w8InnDcOX0OColm64SlIi6gk=
github.com/joho/godotenv v1.5.1 h1:7eLL/+HRGLY0ldzfGMeQkb7vMd0as4CfYvUVzLqw0N0=
github.com/joho/godotenv v1.5.1/go.mod h1:f4LDr5Voq0i2e/R5DDNOoa2zzDfwtkZa6DnEwAbqwq4=
github.com/kisielk/sqlstruct v0.0.0-20201105191214-5f3e10d3ab46/go.mod h1:yyMNCyc/Ib3bDTKd379tNMpB/7/H5TjM2Y9QJ5THLbE=
github.com/klauspost/compress v1.20.1 h1:T7kKElXUMXrUJ2E9QhQhxFtcK5rPyLdsGZvdbLMPdiQ=
github.com/klauspost/compress v1.20.1/go.mod h1:LUdAzn7YLVvxLpc7y3V1m40wESHTgc1422pwwBSKYuI=
github.com/kr/pretty v0.3.1 h1:flRD4NNwYAUpkphVc1HcthR4KEIFJ65n8Mw5qdRn3LE=
github.com/kr/pretty v0.3.1/go.mod h1:hoEshYVHaxMs3cyo3Yncou5ZscifuDolrwPKZanG3xk=
github.com/kr/text v0.2.0 h1:5Nx0Ya0ZqY2ygV366QzturHI13Jq95ApcVaJBhpS+AY=
github.com/kr/text v0.2.0/go.mod h1:eLer722TekiGuMkidMxC/pM04lWEeraHUUmBw8l2grE=
github.com/kylelemons/godebug v1.1.0 h1:RPNrshWIDI6G2gRW9EHilWtl7Z6Sb1BR0xunSBf0SNc=
github.com/kylelemons/godebug v1.1.0/go.mod h1:9/0rRGxNHcop5bhtWyNeEfOS8JIWk580+fNqagV/RAw=
github.com/lib/pq v1.10.9 h1:YXG7RB+JIjhP29X+OtkiDnYaXQwpS4JEWq7dtCCRUEw=
github.com/lib/pq v1.10.9/go.mod h1:AlVN5x4E4T544tWzH6hKfbfQvm3HdbOxrmggDNAPY9o=
github.com/matoous/go-nanoid/v2 v2.1.0 h1:P64+dmq21hhWdtvZfEAofnvJULaRR1Yib0+PnU669bE=
github.com/matoous/go-nanoid/v2 v2.1.0/go.mod h1:KlbGNQ+FhrUNIHUxZdL63t7tl4LaPkZNpUULS8H4uVM=
github.com/mattn/go-colorable v0.1.9/go.mod h1:u6P/XSegPjTcexA+o6vUJrdnUu04hMope9wVRipJSqc=
github.com/mattn/go-colorable v0.1.12/go.mod h1:u5H1YNBxpqRaxsYJYSkiCWKzEfiAb1Gb520KVy5xxl4=
github.com/mattn/go-colorable v0.1.16 h1:+2YjeAe7xP1OQbZW1jERPWWCDLlNqFNCvjiqGiAt84A=
github.com/mattn/go-colorable v0.1.16/go.mod h1:6LmQG8QLFO4G5z1gPvYEzlUgJ2wF+stgPZH1UqBm1s8=
github.com/mattn/go-isatty v0.0.12/go.mod h1:cbi8OIDigv2wuxKPP5vlRcQ1OAZbq2CE4Kysco4FUpU=
github.com/mattn/go-isatty v0.0.14/go.mod h1:7GGIvUiUoEMVVmxf/4nioHXj79iQHKdU27kJ6hsGG94=
github.com/mattn/go-isatty v0.0.24 h1:tGZZoVgT/KiqK1c8ocVLeDS8BSWMRd47J3Lbz7vsReI=
github.com/mattn/go-isatty v0.0.24/go.mod h1:nMCL3Zebbrt45jsMDgnfIwz6ydEQApk5oEI3HqDio6A=
github.com/microcosm-cc/bluemonday v1.0.27 h1:MpEUotklkwCSLeH+Qdx1VJgNqLlpY2KXwXFM08ygZfk=
github.com/microcosm-cc/bluemonday v1.0.27/go.mod h1:jFi9vgW+H7c3V0lb6nR74Ib/DIB5OBs92Dimizgw2cA=
github.com/moby/docker-image-spec v1.3.1 h1:jMKff3w6PgbfSa69GfNg+zN/XLhfXJGnEx3Nl2EsFP0=
github.com/moby/docker-image-spec v1.3.1/go.mod h1:eKmb5VW8vQEh/BAr2yvVNvuiJuY6UIocYsFu/DxxRpo=
github.com/moby/moby/api v1.55.0 h1:2/sexvQyqIWS8pRSCFddBfpW2qE7vR7FCL+vN8pxwMc=
github.com/moby/moby/api v1.55.0/go.mod h1:+RQ6wluLwtYaTd1WnPLykIDPekkuyD/ROWQClE83pzs=
github.com/moby/moby/client v0.5.1 h1:tYNaJno4c0HXz12y5BiqEDy0rVTYkWzI26lGvnTMiJw=
github.com/moby/moby/client v0.5.1/go.mod h1:odLstlZ6uSnfvAgVxMpvgmb8SUdd+siH2T0GBuxVAlM=
github.com/moby/sys/user v0.4.1 h1:RgjRlaDKi/Xmyrz4t8lyzXT6v2ooFeO/7xtchmhVWE0=
github.com/moby/sys/user v0.4.1/go.mod h1:E9QsW5WRe1kUAf7kW8hXKwu1uhsZEAdPLYHYSDudF4Y=
github.com/moby/term v0.5.2 h1:6qk3FJAFDs6i/q3W/pQ97SX192qKfZgGjCQqfCJkgzQ=
github.com/moby/term v0.5.2/go.mod h1:d3djjFCrjnB+fl8NJux+EJzu0msscUP+f8it8hPkFLc=
github.com/morikuni/aec v1.0.0 h1:nP9CBfwrvYnBRgY6qfDQkygYDmYwOilePFkwzv4dU8A=
github.com/morikuni/aec v1.0.0/go.mod h1:BbKIizmSmc5MMPqRYbxO4ZU0S0+P200+tUnFx7PXmsc=
github.com/munnerz/goautoneg v0.0.0-20191010083416-a7dc8b61c822 h1:C3w9PqII01/Oq1c1nUAm88MOHcQC9l5mIlSMApZMrHA=
github.com/munnerz/goautoneg v0.0.0-20191010083416-a7dc8b61c822/go.mod h1:+n7T8mK8HuQTcFwEeznm/DIxMOiR9yIdICNftLE1DvQ=
github.com/opencontainers/go-digest v1.0.0 h1:apOUWs51W5PlhuyGyz9FCeeBIOUDA/6nW8Oi/yOhh5U=
github.com/opencontainers/go-digest v1.0.0/go.mod h1:0JzlMkj0TRzQZfJkVvzbP0HBR3IKzErnv2BNG4W4MAM=
github.com/opencontainers/image-spec v1.1.1 h1:y0fUlFfIZhPF1W537XOLg0/fcx6zcHCJwooC2xJA040=
github.com/opencontainers/image-spec v1.1.1/go.mod h1:qpqAh3Dmcf36wStyyWU+kCeDgrGnAve2nCC8+7h8Q0M=
github.com/opencontainers/runc v1.3.6 h1:SLGIymCtsk80iNPWgbc8dtjI30r+5mTVV+4dN8/17Sk=
github.com/opencontainers/runc v1.3.6/go.mod h1:o1wyv76EDlTkcf0KTFgN8bMWLPvgF/HfX709lDv+rr4=
github.com/ory/dockertest v3.3.5+incompatible h1:iLLK6SQwIhcbrG783Dghaaa3WPzGc+4Emza6EbVUUGA=
github.com/ory/dockertest v3.3.5+incompatible/go.mod h1:1vX4m9wsvi00u5bseYwXaSnhNrne+V0E6LAcBILJdPs=
github.com/patrickmn/go-cache v2.1.0+incompatible h1:HRMgzkcYKYpi3C8ajMPV8OFXaaRUnok+kx1WdO15EQc=
github.com/patrickmn/go-cache v2.1.0+incompatible/go.mod h1:3Qf8kWWT7OJRJbdiICTKqZju1ZixQ/KpMGzzAfe6+WQ=
github.com/paulmach/orb v0.13.0 h1:r7n7mQGGF+cj/CbcivEj9J3HGK+XR+yXnvzRdq9saIw=
github.com/paulmach/orb v0.13.0/go.mod h1:6scRWINywA2Jf05dcjOfLfxrUIMECvTSG2MVbRLxu/k=
github.com/pierrec/lz4/v4 v4.1.33 h1:GjG1TJ1V4IzKP8L96muuuDNpTwd7D+l2ccXrjAbe014=
github.com/pierrec/lz4/v4 v4.1.33/go.mod h1:7SE9MC2STkNtL4PIwGhjmyVwvILaGI9/COYQNBhKM/c=
github.com/pkg/errors v0.9.1 h1:FEBLx1zS214owpjy7qsBeixbURkuhQAwrK5UwLGTwt4=
github.com/pkg/errors v0.9.1/go.mod h1:bwawxfHBFNV+L2hUp1rHADufV3IMtnDRdf1r5NINEl0=
github.com/pmezard/go-difflib v1.0.0/go.mod h1:iKH77koFhYxTK1pcRnkKkqfTogsbg7gZNVY4sRDYZ/4=
github.com/prashantv/gostub v1.1.0 h1:BTyx3RfQjRHnUWaGF9oQos79AlQ5k8WNktv7VGvVH4g=
github.com/prashantv/gostub v1.1.0/go.mod h1:A5zLQHz7ieHGG7is6LLXLz7I8+3LZzsrV0P1IAHhP5U=
github.com/prometheus/client_golang v1.24.1 h1:JnJkREXzWxUdCuPFpIWZiPispT9xVV59uiuyR2bPlnU=
github.com/prometheus/client_golang v1.24.1/go.mod h1:F+oSRECHg4sse5ucfYpYDeIv/hu68Zo0uoHKetWnzcE=
github.com/prometheus/client_model v0.6.3 h1:O0jaTVAYNxTHYInEPFJt5I3+sN8zqBtVMPTB1qyxiEo=
github.com/prometheus/client_model v0.6.3/go.mod h1:gpN5P9S7Rr6Yr92PiQ+Ixvhf6JZEkF1dnxsYL2aPBEM=
github.com/prometheus/common v0.72.0 h1:tAYsE+sPJxIncDAobm4H5aQjmox9ZxEIIqPbiffa8G4=
github.com/prometheus/common v0.72.0/go.mod h1:77NWqAQ2tXT7BIK40qjJdw5Acrsrg1TlHAnsQi3i6mk=
github.com/prometheus/procfs v0.22.0 h1:6q9+/JL9IKAPbCmBrv9n5O5Ty3NKnciV5X7YGw0oics=
github.com/prometheus/procfs v0.22.0/go.mod h1:CvmFr/GVhIjIvWJZW3tgkODBQMRIf0EyWMQLHCHab58=
github.com/rogpeppe/go-internal v1.14.1 h1:UQB4HGPB6osV0SQTLymcB4TgvyWu6ZyliaW0tI/otEQ=
github.com/rogpeppe/go-internal v1.14.1/go.mod h1:MaRKkUm5W0goXpeCfT7UZI6fk/L7L7so1lCWt35ZSgc=
github.com/segmentio/asm v1.2.1 h1:DTNbBqs57ioxAD4PrArqftgypG4/qNpXoJx8TVXxPR0=
github.com/segmentio/asm v1.2.1/go.mod h1:BqMnlJP91P8d+4ibuonYZw9mfnzI9HfxselHZr5aAcs=
github.com/shopspring/decimal v1.5.0 h1:HxSWk31RmJv0EyY4oLiGQB9u7WPludUwPBdvQZnYFPc=
github.com/shopspring/decimal v1.5.0/go.mod h1:gawqmDU56v4yIKSwfBSFip1HdCCXN8/+DMd9qYNcwME=
github.com/sirupsen/logrus v1.10.2 h1:G2SED73/qrAu6YwbdxOD6peLkCBI3z7L+ykJFTXJBBo=
github.com/sirupsen/logrus v1.10.2/go.mod h1:SLEg8TqYulVKKfIGHldVp2K2aYz2DKSVBq4g/H5bR7Q=
github.com/stretchr/objx v0.1.0/go.mod h1:HFkY916IF+rwdDfMAkV7OtwuqBVzrE8GR6GFx+wExME=
github.com/stretchr/testify v1.7.0/go.mod h1:6Fq8oRcR53rry900zMqJjRRixrwX3KX962/h/Wwjteg=
github.com/stretchr/testify v1.7.2/go.mod h1:R6va5+xMeoiuVRoj+gSkQ7d3FALtqAAGI1FQKckRals=
github.com/stretchr/testify v1.12.1 h1:EuwCh5fleGS7H32xRwO3wRGT7DxrDhLAT6FF8MpWDWE=
github.com/stretchr/testify v1.12.1/go.mod h1:MDEgiDPPsNp5cuIrHPPCyornHKgEVbtFUmoNlxoYthg=
github.com/twmb/franz-go v1.22.1 h1:J7Xixbb7k0Itl39eaBot5PIblZh9IL3ZKYgo2yzlf40=
github.com/twmb/franz-go v1.22.1/go.mod h1:b2qISbZgMTJRcIsltVqPz4+Bb2Lw/9bN+/Gd0C07kYw=
github.com/twmb/franz-go/pkg/kmsg v1.14.0 h1:gSxrBEKWl3qnsx3QKWol5OEVujuPmIoDkhMt3didFKM=
github.com/twmb/franz-go/pkg/kmsg v1.14.0/go.mod h1:+DPt4NC8RmI6hqb8G09+3giKObE6uD2Eya6CfqBpeJY=
github.com/twmb/franz-go/plugin/kotel v1.7.1 h1:bVJ/qai5rNIkAxMX+Em2fsMOe1v6n12N9c9Rm6upv0E=
github.com/twmb/franz-go/plugin/kotel v1.7.1/go.mod h1:Cq5tsiazIWro0y/SNpYEwoVW0C6KK1dIYyhccDXV9bs=
github.com/twmb/franz-go/plugin/kprom v1.5.0 h1:TL1ybuCfOZSCFbuYB9sPexbDsBDTOQoBH6xxZ3V9icU=
github.com/twmb/franz-go/plugin/kprom v1.5.0/go.mod h1:5QMSg0mtIjzZiVs+TfaNqZxo4q5tnBivQpc3BjF2lis=
github.com/twmb/franz-go/plugin/kslog v1.0.0 h1:I64oEmF+0PDvmyLgwrlOtg4mfpSE9GwlcLxM4af2t60=
github.com/twmb/franz-go/plugin/kslog v1.0.0/go.mod h1:8pMjK3OJJJNNYddBSbnXZkIK5dCKFIk9GcVVCDgvnQc=
github.com/uptrace/opentelemetry-go-extra/otelsql v0.4.0 h1:ogBkT6xk6ruB2rPCQvJCV48CuDkFK+zazsvsJEPKCVY=
github.com/uptrace/opentelemetry-go-extra/otelsql v0.4.0/go.mod h1:2W+3XKCmxD/+Yxh7NZbO/jTT007ODSOo9xhIWxO75r8=
github.com/x448/float16 v0.8.4 h1:qLwI1I70+NjRFUR3zs1JPUCgaCXSh3SW62uAKT1mSBM=
github.com/x448/float16 v0.8.4/go.mod h1:14CWIYCyZA/cWjXOioeEpHeN/83MdbZDRQHoFcYsOfg=
github.com/xyproto/randomstring v1.0.5 h1:YtlWPoRdgMu3NZtP45drfy1GKoojuR7hmRcnhZqKjWU=
github.com/xyproto/randomstring v1.0.5/go.mod h1:rgmS5DeNXLivK7YprL0pY+lTuhNQW3iGxZ18UQApw/E=
github.com/yuin/goldmark v1.4.13/go.mod h1:6yULJ656Px+3vBD8DxQVa3kxgyrAnzto9xy5taEt/CY=
go.opentelemetry.io/auto/sdk v1.2.1 h1:jXsnJ4Lmnqd11kwkBV2LgLoFMZKizbCi5fNZ/ipaZ64=
go.opentelemetry.io/auto/sdk v1.2.1/go.mod h1:KRTj+aOaElaLi+wW1kO/DZRXwkF4C5xPbEe3ZiIhN7Y=
go.opentelemetry.io/contrib/instrumentation/net/http/otelhttp v0.72.0 h1:LxwW/9ctSCv+QkE/cLR7M91ZIkXNMqJtEMi1vCw9U8s=
go.opentelemetry.io/contrib/instrumentation/net/http/otelhttp v0.72.0/go.mod h1:tOsftB4SslBwwErVEPaenU2RpThXWPIU8DoJHEC4dyw=
go.opentelemetry.io/otel v1.47.0 h1:j7ALJ/zgkS7Z6aeJW09p8VC9804bC+PpeTfCD4XPnOM=
go.opentelemetry.io/otel v1.47.0/go.mod h1:8wS9O2qfXrYrzp6hIF/HOYJJf/wIhFPhR2xLuP+iXQU=
go.opentelemetry.io/otel/exporters/otlp/otlptrace v1.47.0 h1:julhjPeUH/q/7hinbSdDdqt5h7Zw9YWmRlWRhI0jd54=
go.opentelemetry.io/otel/exporters/otlp/otlptrace v1.47.0/go.mod h1:Ao2mz688LH/tFf0yMAenidq6k2YNSx6SIY2q6jDACck=
go.opentelemetry.io/otel/exporters/otlp/otlptrace/otlptracegrpc v1.47.0 h1:UFpxOpYPmMNUtOWhdb+nC1WELIgVf8z9higURrbzYU4=
go.opentelemetry.io/otel/exporters/otlp/otlptrace/otlptracegrpc v1.47.0/go.mod h1:YBGjxe3lt0jtXoEXxGrGhv/jM7oUBUDVK7zhAvNyEjc=
go.opentelemetry.io/otel/log v1.47.0 h1:cOTS1CcLbSQeZKanGJ+0JpF/+t4PELi3O3bbl2lqCcI=
go.opentelemetry.io/otel/log v1.47.0/go.mod h1:9byitSQ5pLC6PpqwGXjqdMKya6ZTswHRZh2vvXT33nw=
go.opentelemetry.io/otel/metric v1.47.0 h1:4PptaldXx3Eat1XjMZ68pPJEs5wrhlemctZE9a3UdWY=
go.opentelemetry.io/otel/metric v1.47.0/go.mod h1:ADGSXxRrXM6bjbvLo535EstVFlPpPYZm4LBKixjDHwU=
go.opentelemetry.io/otel/sdk v1.47.0 h1:zWXEr4j2lFefG87TU6Yg8a7ngfohIKFZHKp0Hf5hC6I=
go.opentelemetry.io/otel/sdk v1.47.0/go.mod h1:VUc24kiOeoGsxG8G9ULx3fWKvB7jMhnGE8Oi607lgR0=
go.opentelemetry.io/otel/sdk/metric v1.47.0 h1:lfISg2j93VT6yqdk9OfUaZmw/GfcZqCCV3jdXtsPnKw=
go.opentelemetry.io/otel/sdk/metric v1.47.0/go.mod h1:ypLp+mW1Nt2x+Szt3b5/i1syodyts49lMOwxpDI3VGw=
go.opentelemetry.io/otel/trace v1.47.0 h1:JOjX/Oci8K94QHddo+bbfya/Ai/nf6/dt9ZfrFNWSrM=
go.opentelemetry.io/otel/trace v1.47.0/go.mod h1:jNaSLa2PZEYFG6fRjJABAu+bw4FS08uDmPg28lTghu0=
go.opentelemetry.io/proto/otlp v1.11.1 h1:SCrPqH9NE5CmBrOqpjNCiT0X5mGwMyGERXdogfR7Yjw=
go.opentelemetry.io/proto/otlp v1.11.1/go.mod h1:wq8W4aSf6bOy8RZyESOeQFr9Pu7wydWX/TY4sgvrTPg=
go.uber.org/automaxprocs v1.6.0 h1:O3y2/QNTOdbF+e/dpXNNW7Rx2hZ4sTIPyybbxyNqTUs=
go.uber.org/automaxprocs v1.6.0/go.mod h1:ifeIMSnPZuznNm6jmdzmU3/bfk01Fe2fotchwEFJ8r8=
go.uber.org/goleak v1.3.0 h1:2K3zAYmnTNqV73imy9J1T3WC+gmCePx2hEGkimedGto=
go.uber.org/goleak v1.3.0/go.mod h1:CoHD4mav9JJNrW/WLlf7HGZPjdw8EucARQHekz1X6bE=
go.yaml.in/yaml/v2 v2.4.4 h1:tuyd0P+2Ont/d6e2rl3be67goVK4R6deVxCUX5vyPaQ=
go.yaml.in/yaml/v2 v2.4.4/go.mod h1:gMZqIpDtDqOfM0uNfy0SkpRhvUryYH0Z6wdMYcacYXQ=
go.yaml.in/yaml/v3 v3.0.5 h1:N6y/pJk8buWs9NY5ERU2HSMfm+IuD/OtfdAnq6kESPw=
go.yaml.in/yaml/v3 v3.0.5/go.mod h1:HVTZu1O7/Vkt2N+BFy8Zza+lnLsABggaTM2ZpNIGuKg=
golang.org/x/crypto v0.0.0-20190308221718-c2843e01d9a2/go.mod h1:djNgcEr1/C05ACkg1iLfiJU5Ep61QUkGW8qpdssI0+w=
golang.org/x/crypto v0.0.0-20210921155107-089bfa567519/go.mod h1:GvvjBRRGRdwPK5ydBHafDWAxML/pGHZbMvKqRZ5+Abc=
golang.org/x/crypto v0.13.0/go.mod h1:y6Z2r+Rw4iayiXXAIxJIDAJ1zMW4yaTpebo8fPOliYc=
golang.org/x/crypto v0.19.0/go.mod h1:Iy9bg/ha4yyC70EfRS8jz+B6ybOBKMaSxLj6P6oBDfU=
golang.org/x/crypto v0.23.0/go.mod h1:CKFgDieR+mRhux2Lsu27y0fO304Db0wZe70UKqHu0v8=
golang.org/x/crypto v0.31.0/go.mod h1:kDsLvtWBEx7MV9tJOj9bnXsPbxwJQ6csT/x4KIN4Ssk=
golang.org/x/crypto v0.57.0 h1:3ZVCjf8Ggz7zneR/EHRVx68Ctf+2pmIMP2UFhh9cC6M=
golang.org/x/crypto v0.57.0/go.mod h1:Fdz0i5U6CoizGwLda9DttjSk6qlZo25zYNtR+ycvuZA=
golang.org/x/exp v0.0.0-20261005173118-76772065c9b0 h1:qUp3i6M39kccSm3OMMIE3tvs7YQWO9rFeCKdk1sSaFk=
golang.org/x/exp v0.0.0-20261005173118-76772065c9b0/go.mod h1:SRjTzy5WcYqRRqquLUvHeeovSwLO0CZ3xcltZNO4Fck=
golang.org/x/mod v0.6.0-dev.0.20220419223038-86c51ed26bb4/go.mod h1:jJ57K6gSWd91VN4djpZkiMVwK6gcyfeH4XE8wZrZaV4=
golang.org/x/mod v0.8.0/go.mod h1:iBbtSCu2XBx23ZKBPSOrRkjjQPZFPuis4dIYUhu/chs=
golang.org/x/mod v0.12.0/go.mod h1:iBbtSCu2XBx23ZKBPSOrRkjjQPZFPuis4dIYUhu/chs=
golang.org/x/mod v0.15.0/go.mod h1:hTbmBsO62+eylJbnUtE2MGJUyE7QWk4xUqPFrRgJ+7c=
golang.org/x/mod v0.17.0/go.mod h1:hTbmBsO62+eylJbnUtE2MGJUyE7QWk4xUqPFrRgJ+7c=
golang.org/x/net v0.0.0-20190620200207-3b0461eec859/go.mod h1:z5CRVTTTmAJ677TzLLGU+0bjPO0LkuOLi4/5GtJWs/s=
golang.org/x/net v0.0.0-20210226172049-e18ecbb05110/go.mod h1:m0MpNAwzfU5UDzcl9v0D8zg8gWTRqZa9RBIspLL5mdg=
golang.org/x/net v0.0.0-20220722155237-a158d28d115b/go.mod h1:XRhObCWvk6IyKnWLug+ECip1KBveYUHfp+8e9klMJ9c=
golang.org/x/net v0.6.0/go.mod h1:2Tu9+aMcznHK/AK1HMvgo6xiTLG5rD5rZLDS+rp2Bjs=
golang.org/x/net v0.10.0/go.mod h1:0qNGK6F8kojg2nk9dLZ2mShWaEBan6FAoqfSigmmuDg=
golang.org/x/net v0.15.0/go.mod h1:idbUs1IY1+zTqbi8yxTbhexhEEk5ur9LInksu6HrEpk=
golang.org/x/net v0.21.0/go.mod h1:bIjVDfnllIU7BJ2DNgfnXvpSvtn8VRwhlsaeUTyUS44=
golang.org/x/net v0.25.0/go.mod h1:JkAGAh7GEvH74S6FOH42FLoXpXbE/aqXSrIQjXgsiwM=
golang.org/x/net v0.33.0/go.mod h1:HXLR5J+9DxmrqMwG9qjGCxZ+zKXxBru04zlTvWlWuN4=
golang.org/x/net v0.59.0 h1:5zfYln+w5XCxwrnMMJPufRgNoXEaGxl0wo5GqPXyues=
golang.org/x/net v0.59.0/go.mod h1:2DA/G1UfVbCpQPeWTmMPGY7Cs2PkBkwu743bVX5PIVg=
golang.org/x/oauth2 v0.37.0 h1:JUlcxA8oAtauLfiH8FX2/FkAWHAdi0QtGCGc+hofE98=
golang.org/x/oauth2 v0.37.0/go.mod h1:IxwZNxUULJmpBFf9K/9NTMSIfZZuvuTy1gGxhigP/58=
golang.org/x/sync v0.0.0-20190423024810-112230192c58/go.mod h1:RxMgew5VJxzue5/jJTE5uejpjVlOe/izrB70Jof72aM=
golang.org/x/sync v0.0.0-20220722155255-886fb9371eb4/go.mod h1:RxMgew5VJxzue5/jJTE5uejpjVlOe/izrB70Jof72aM=
golang.org/x/sync v0.1.0/go.mod h1:RxMgew5VJxzue5/jJTE5uejpjVlOe/izrB70Jof72aM=
golang.org/x/sync v0.3.0/go.mod h1:FU7BRWz2tNW+3quACPkgCx/L+uEAv1htQ0V83Z9Rj+Y=
golang.org/x/sync v0.6.0/go.mod h1:Czt+wKu1gCyEFDUtn0jG5QVvpJ6rzVqr5aXyt9drQfk=
golang.org/x/sync v0.7.0/go.mod h1:Czt+wKu1gCyEFDUtn0jG5QVvpJ6rzVqr5aXyt9drQfk=
golang.org/x/sync v0.10.0/go.mod h1:Czt+wKu1gCyEFDUtn0jG5QVvpJ6rzVqr5aXyt9drQfk=
golang.org/x/sync v0.23.0 h1:KameEIfc1IkluZyXWLn39Wd4tURc6GbCiISGiZm2bQk=
golang.org/x/sync v0.23.0/go.mod h1:sUUOizhqBxiL6pEWpqNLUiaJn1ShEbZ6BBqskPbjZm0=
golang.org/x/sys v0.0.0-20190215142949-d0b11bdaac8a/go.mod h1:STP8DvDyc/dI5b8T5hshtkjS+E42TnysNCUPdjciGhY=
golang.org/x/sys v0.0.0-20200116001909-b77594299b42/go.mod h1:h1NjWce9XRLGQEsW7wpKNCjG9DtNlClVuFLEZdDNbEs=
golang.org/x/sys v0.0.0-20200223170610-d5e6a3e2c0ae/go.mod h1:h1NjWce9XRLGQEsW7wpKNCjG9DtNlClVuFLEZdDNbEs=
golang.org/x/sys v0.0.0-20201119102817-f84b799fce68/go.mod h1:h1NjWce9XRLGQEsW7wpKNCjG9DtNlClVuFLEZdDNbEs=
golang.org/x/sys v0.0.0-20210615035016-665e8c7367d1/go.mod h1:oPkhp1MJrh7nUepCBck5+mAzfO9JrbApNNgaTdGDITg=
golang.org/x/sys v0.0.0-20210630005230-0f9fa26af87c/go.mod h1:oPkhp1MJrh7nUepCBck5+mAzfO9JrbApNNgaTdGDITg=
golang.org/x/sys v0.0.0-20210927094055-39ccf1dd6fa6/go.mod h1:oPkhp1MJrh7nUepCBck5+mAzfO9JrbApNNgaTdGDITg=
golang.org/x/sys v0.0.0-20220412211240-33da011f77ad/go.mod h1:oPkhp1MJrh7nUepCBck5+mAzfO9JrbApNNgaTdGDITg=
golang.org/x/sys v0.0.0-20220503163025-988cb79eb6c6/go.mod h1:oPkhp1MJrh7nUepCBck5+mAzfO9JrbApNNgaTdGDITg=
golang.org/x/sys v0.0.0-20220520151302-bc2c85ada10a/go.mod h1:oPkhp1MJrh7nUepCBck5+mAzfO9JrbApNNgaTdGDITg=
golang.org/x/sys v0.0.0-20220722155257-8c9f86f7a55f/go.mod h1:oPkhp1MJrh7nUepCBck5+mAzfO9JrbApNNgaTdGDITg=
golang.org/x/sys v0.5.0/go.mod h1:oPkhp1MJrh7nUepCBck5+mAzfO9JrbApNNgaTdGDITg=
golang.org/x/sys v0.8.0/go.mod h1:oPkhp1MJrh7nUepCBck5+mAzfO9JrbApNNgaTdGDITg=
golang.org/x/sys v0.12.0/go.mod h1:oPkhp1MJrh7nUepCBck5+mAzfO9JrbApNNgaTdGDITg=
golang.org/x/sys v0.17.0/go.mod h1:/VUhepiaJMQUp4+oa/7Zr1D23ma6VTLIYjOOTFZPUcA=
golang.org/x/sys v0.20.0/go.mod h1:/VUhepiaJMQUp4+oa/7Zr1D23ma6VTLIYjOOTFZPUcA=
golang.org/x/sys v0.28.0/go.mod h1:/VUhepiaJMQUp4+oa/7Zr1D23ma6VTLIYjOOTFZPUcA=
golang.org/x/sys v0.48.0 h1:bbX/i/6MgT9BVLM9RT1thmxL04yeTAhbEz4SyadbXoo=
golang.org/x/sys v0.48.0/go.mod h1:hNLxWAXmnKAxqDtdwIYC4bM9oQPEecfsnNMuSxOs3og=
golang.org/x/telemetry v0.0.0-20240228155512-f48c80bd79b2/go.mod h1:TeRTkGYfJXctD9OcfyVLyj2J3IxLnKwHJR8f4D8a3YE=
golang.org/x/term v0.0.0-20201126162022-7de9c90e9dd1/go.mod h1:bj7SfCRtBDWHUb9snDiAeCFNEtKQo2Wmx5Cou7ajbmo=
golang.org/x/term v0.0.0-20210927222741-03fcf44c2211/go.mod h1:jbD1KX2456YbFQfuXm/mYQcufACuNUgVhRMnK/tPxf8=
golang.org/x/term v0.5.0/go.mod h1:jMB1sMXY+tzblOD4FWmEbocvup2/aLOaQEp7JmGp78k=
golang.org/x/term v0.8.0/go.mod h1:xPskH00ivmX89bAKVGSKKtLOWNx2+17Eiy94tnKShWo=
golang.org/x/term v0.12.0/go.mod h1:owVbMEjm3cBLCHdkQu9b1opXd4ETQWc3BhuQGKgXgvU=
golang.org/x/term v0.17.0/go.mod h1:lLRBjIVuehSbZlaOtGMbcMncT+aqLLLmKrsjNrUguwk=
golang.org/x/term v0.20.0/go.mod h1:8UkIAJTvZgivsXaD6/pH6U9ecQzZ45awqEOzuCvwpFY=
golang.org/x/term v0.27.0/go.mod h1:iMsnZpn0cago0GOrHO2+Y7u7JPn5AylBrcoWkElMTSM=
golang.org/x/text v0.3.0/go.mod h1:NqM8EUOU14njkJ3fqMW+pc6Ldnwhi/IjpwHt7yyuwOQ=
golang.org/x/text v0.3.3/go.mod h1:5Zoc/QRtKVWzQhOtBMvqHzDpF6irO9z98xDceosuGiQ=
golang.org/x/text v0.3.7/go.mod h1:u+2+/6zg+i71rQMx5EYifcz6MCKuco9NR6JIITiCfzQ=
golang.org/x/text v0.7.0/go.mod h1:mrYo+phRRbMaCq/xk9113O4dZlRixOauAjOtrjsXDZ8=
golang.org/x/text v0.9.0/go.mod h1:e1OnstbJyHTd6l/uOt8jFFHp6TRDWZR/bV3emEE/zU8=
golang.org/x/text v0.13.0/go.mod h1:TvPlkZtksWOMsz7fbANvkp4WM8x/WCo/om8BMLbz+aE=
golang.org/x/text v0.14.0/go.mod h1:18ZOQIKpY8NJVqYksKHtTdi31H5itFRjB5/qKTNYzSU=
golang.org/x/text v0.15.0/go.mod h1:18ZOQIKpY8NJVqYksKHtTdi31H5itFRjB5/qKTNYzSU=
golang.org/x/text v0.21.0/go.mod h1:4IBbMaMmOPCJ8SecivzSH54+73PCFmPWxNTLm+vZkEQ=
golang.org/x/text v0.42.0 h1:JbOZXgfeCPU9gacVtYliJqOhD+zhrEqK4LfdpmlUZqI=
golang.org/x/text v0.42.0/go.mod h1:ojzP1Z+2QtioaF8DTtO8K5q7JWVVYwZKenzujK0Zd0E=
golang.org/x/tools v0.0.0-20180917221912-90fa682c2a6e/go.mod h1:n7NCudcB/nEzxVGmLbDWY5pfWTLqBcC2KZ6jyYvM4mQ=
golang.org/x/tools v0.0.0-20191119224855-298f0cb1881e/go.mod h1:b+2E5dAYhXwXZwtnZ6UAqBI28+e2cm9otk0dWdXHAEo=
golang.org/x/tools v0.1.12/go.mod h1:hNGJHUnrk76NpqgfD5Aqm5Crs+Hm0VOH/i9J2+nxYbc=
golang.org/x/tools v0.6.0/go.mod h1:Xwgl3UAJ/d3gWutnCtw505GrjyAbvKui8lOU390QaIU=
golang.org/x/tools v0.13.0/go.mod h1:HvlwmtVNQAhOuCjW7xxvovg8wbNq7LwfXh/k7wXUl58=
golang.org/x/tools v0.21.1-0.20240508182429-e35e4ccd0d2d/go.mod h1:aiJjzUbINMkxbQROHiO6hDPo2LHcIPhhQsa9DLh0yGk=
golang.org/x/xerrors v0.0.0-20190717185122-a985d3407aa7/go.mod h1:I/5z698sn9Ka8TeJc9MKroUUfqBBauWjQqLJ2OPfmY0=
gonum.org/v1/gonum v0.17.0 h1:VbpOemQlsSMrYmn7T2OUvQ4dqxQXU+ouZFQsZOx50z4=
gonum.org/v1/gonum v0.17.0/go.mod h1:El3tOrEuMpv2UdMrbNlKEh9vd86bmQ6vqIcDwxEOc1E=
google.golang.org/genproto/googleapis/api v0.0.0-20261005182115-fad411399dd8 h1:cFbkNigDInw+wVTXc+CyhUsoHGJCw0BR6mlNoRVfre0=
google.golang.org/genproto/googleapis/api v0.0.0-20261005182115-fad411399dd8/go.mod h1:QK6p7IgD7IZEZJBhhSUCib5X2vMOzlrGCGUw2XyVDh0=
google.golang.org/genproto/googleapis/rpc v0.0.0-20261005182115-fad411399dd8 h1:0SXBqli5dnuCKMjI/X3FM226zEaEa0GUcSCJtN1vL2o=
google.golang.org/genproto/googleapis/rpc v0.0.0-20261005182115-fad411399dd8/go.mod h1:OaIUM3+LpYcK2GXM4FTmhWoIq371Owdr+Cc7/BsYHHc=
google.golang.org/grpc v1.84.0 h1:soMyaPJ8pAak5PIQ0DGBUir0XRo2fRoMqhNWMLlLxO0=
google.golang.org/grpc v1.84.0/go.mod h1:ljCht0DrxQrXBDRTZp52Qxh3Ffk8CdYm2sj4O2QN2C0=
google.golang.org/protobuf v1.36.12 h1:pJOKDDOyeXErUroCihFAd5LQuwXBSpVnKGrj5o/fwxc=
google.golang.org/protobuf v1.36.12/go.mod h1:HTf+CrKn2C3g5S8VImy6tdcUvCska2kB7j23XfzDpco=
gopkg.in/check.v1 v0.0.0-20161208181325-20d25e280405/go.mod h1:Co6ibVJAznAaIkqp8huTwlJQCZ016jof/cbN4VW5Yz0=
gopkg.in/check.v1 v1.0.0-20201130134442-10cb98267c6c h1:Hei/4ADfdWqJk1ZMxUNpqntNwaWcugrBjAiHlqqRiVk=
gopkg.in/check.v1 v1.0.0-20201130134442-10cb98267c6c/go.mod h1:JHkPIbrfpd72SG/EVd6muEfDQjcINNoR0C8j2r3qZ4Q=
gopkg.in/yaml.v3 v3.0.0-20200313102051-9f266ea9e77c/go.mod h1:K4uyk7z7BCEPqu6E+C64Yfv1cQ7kz7rIZviUmN+EgEM=
gopkg.in/yaml.v3 v3.0.1 h1:fxVm/GzAzEWqLHuvctI91KS9hhNmmWOoWu0XTYJS7CA=
gopkg.in/yaml.v3 v3.0.1/go.mod h1:K4uyk7z7BCEPqu6E+C64Yfv1cQ7kz7rIZviUmN+EgEM=
gotest.tools v2.2.0+incompatible h1:VsBPFP1AI068pPrMxtb/S8Zkgf9xEmTLJjfM+P5UIEo=
gotest.tools v2.2.0+incompatible/go.mod h1:DsYFclhRJ6vuDpmuTbkuFWG+y2sxOXAzmJt81HFBacw=
olympos.io/encoding/edn v0.0.0-20201019073823-d3554ca0b0a3 h1:slmdOY3vp8a7KQbHkL+FLbvbkgMqmXojpFUO/jENuqQ=
olympos.io/encoding/edn v0.0.0-20201019073823-d3554ca0b0a3/go.mod h1:oVgVk4OWVDi43qWBEyGhXgYxt7+ED4iYNpTngSLX2Iw=
